// !$*UTF8*$!
{
	archiveVersion = 1;
	classes = {
	};
	objectVersion = 46;
	objects = {

/* Begin PBXBuildFile section */
		0418E8221CC5872100DF7223 /* Login.swift in Sources */ = {isa = PBXBuildFile; fileRef = 0418E8211CC5872100DF7223 /* Login.swift */; };
		04C18DE71CC53A6400DE272C /* SettingsViewController.swift in Sources */ = {isa = PBXBuildFile; fileRef = 04C18DE61CC53A6400DE272C /* SettingsViewController.swift */; };
		04C18DE91CC53A8800DE272C /* ManageTeamsViewController.swift in Sources */ = {isa = PBXBuildFile; fileRef = 04C18DE81CC53A8800DE272C /* ManageTeamsViewController.swift */; };
		04C18DEB1CC53AA800DE272C /* AddTimeViewController.swift in Sources */ = {isa = PBXBuildFile; fileRef = 04C18DEA1CC53AA800DE272C /* AddTimeViewController.swift */; };
		04C18DED1CC53AB900DE272C /* StartMeetingViewController.swift in Sources */ = {isa = PBXBuildFile; fileRef = 04C18DEC1CC53AB900DE272C /* StartMeetingViewController.swift */; };
		04C18DEF1CC53AC800DE272C /* ViewRecordsViewController.swift in Sources */ = {isa = PBXBuildFile; fileRef = 04C18DEE1CC53AC800DE272C /* ViewRecordsViewController.swift */; };
		04C18DF11CC53AD900DE272C /* EditRecordsViewController.swift in Sources */ = {isa = PBXBuildFile; fileRef = 04C18DF01CC53AD900DE272C /* EditRecordsViewController.swift */; };
		04C18DF31CC5824600DE272C /* RegisterViewController.swift in Sources */ = {isa = PBXBuildFile; fileRef = 04C18DF21CC5824600DE272C /* RegisterViewController.swift */; };
		04F2D7351CED051700446586 /* GoogleService-Info.plist in Resources */ = {isa = PBXBuildFile; fileRef = 04F2D7341CED051700446586 /* GoogleService-Info.plist */; };
		79B34E563DD8BA6BCAF18E2B /* Pods_AreYouHere.framework in Frameworks */ = {isa = PBXBuildFile; fileRef = 1B23AA60C552CBF5E74EFC98 /* Pods_AreYouHere.framework */; };
		7B5AB2E512961D91973FFBAF /* Pods_AreYouHereUITests.framework in Frameworks */ = {isa = PBXBuildFile; fileRef = 39537B1EF72CBE4CEDAED9C9 /* Pods_AreYouHereUITests.framework */; };
		7C21AC5D674436010A51011C /* Pods_AreYouHereTests.framework in Frameworks */ = {isa = PBXBuildFile; fileRef = 6A8BF33D2EC252D496AD261E /* Pods_AreYouHereTests.framework */; };
		C11D4B211CD27D56003593F7 /* Variables.swift in Sources */ = {isa = PBXBuildFile; fileRef = C11D4B201CD27D56003593F7 /* Variables.swift */; };
		C1277F491CB6C73D00F4B046 /* AppDelegate.swift in Sources */ = {isa = PBXBuildFile; fileRef = C1277F481CB6C73D00F4B046 /* AppDelegate.swift */; };
		C1277F4E1CB6C73D00F4B046 /* Main.storyboard in Resources */ = {isa = PBXBuildFile; fileRef = C1277F4C1CB6C73D00F4B046 /* Main.storyboard */; };
		C1277F501CB6C73D00F4B046 /* Assets.xcassets in Resources */ = {isa = PBXBuildFile; fileRef = C1277F4F1CB6C73D00F4B046 /* Assets.xcassets */; };
		C1277F531CB6C73D00F4B046 /* LaunchScreen.storyboard in Resources */ = {isa = PBXBuildFile; fileRef = C1277F511CB6C73D00F4B046 /* LaunchScreen.storyboard */; };
		C1277F5E1CB6C73D00F4B046 /* AreYouHereTests.swift in Sources */ = {isa = PBXBuildFile; fileRef = C1277F5D1CB6C73D00F4B046 /* AreYouHereTests.swift */; };
		C1277F691CB6C73D00F4B046 /* AreYouHereUITests.swift in Sources */ = {isa = PBXBuildFile; fileRef = C1277F681CB6C73D00F4B046 /* AreYouHereUITests.swift */; };
		C131D0D71CE4F10000DD6F9C /* EditTeamTableViewController.swift in Sources */ = {isa = PBXBuildFile; fileRef = C131D0D61CE4F10000DD6F9C /* EditTeamTableViewController.swift */; };
		C171B8A91CE0FAC000F68AB0 /* CreateTeamViewController.swift in Sources */ = {isa = PBXBuildFile; fileRef = C171B8A81CE0FAC000F68AB0 /* CreateTeamViewController.swift */; };
		C171D9071CF8C4DE00B06391 /* AppState.swift in Sources */ = {isa = PBXBuildFile; fileRef = C171D9061CF8C4DE00B06391 /* AppState.swift */; };
		C1AECF171D09DD4A008FCE68 /* TeamMemberViewController.swift in Sources */ = {isa = PBXBuildFile; fileRef = C1AECF161D09DD4A008FCE68 /* TeamMemberViewController.swift */; };
		C1D008891CBD604D00EE89E4 /* LoginViewController.swift in Sources */ = {isa = PBXBuildFile; fileRef = C1D008881CBD604D00EE89E4 /* LoginViewController.swift */; };
		C1D0088B1CBD64CD00EE89E4 /* DashboardViewController.swift in Sources */ = {isa = PBXBuildFile; fileRef = C1D0088A1CBD64CD00EE89E4 /* DashboardViewController.swift */; };
/* End PBXBuildFile section */

/* Begin PBXContainerItemProxy section */
		C1277F5A1CB6C73D00F4B046 /* PBXContainerItemProxy */ = {
			isa = PBXContainerItemProxy;
			containerPortal = C1277F3D1CB6C73D00F4B046 /* Project object */;
			proxyType = 1;
			remoteGlobalIDString = C1277F441CB6C73D00F4B046;
			remoteInfo = AreYouHere;
		};
		C1277F651CB6C73D00F4B046 /* PBXContainerItemProxy */ = {
			isa = PBXContainerItemProxy;
			containerPortal = C1277F3D1CB6C73D00F4B046 /* Project object */;
			proxyType = 1;
			remoteGlobalIDString = C1277F441CB6C73D00F4B046;
			remoteInfo = AreYouHere;
		};
/* End PBXContainerItemProxy section */

/* Begin PBXFileReference section */
		0418E8211CC5872100DF7223 /* Login.swift */ = {isa = PBXFileReference; fileEncoding = 4; lastKnownFileType = sourcecode.swift; path = Login.swift; sourceTree = "<group>"; };
		04C18DE61CC53A6400DE272C /* SettingsViewController.swift */ = {isa = PBXFileReference; fileEncoding = 4; lastKnownFileType = sourcecode.swift; path = SettingsViewController.swift; sourceTree = "<group>"; };
		04C18DE81CC53A8800DE272C /* ManageTeamsViewController.swift */ = {isa = PBXFileReference; fileEncoding = 4; lastKnownFileType = sourcecode.swift; path = ManageTeamsViewController.swift; sourceTree = "<group>"; };
		04C18DEA1CC53AA800DE272C /* AddTimeViewController.swift */ = {isa = PBXFileReference; fileEncoding = 4; lastKnownFileType = sourcecode.swift; path = AddTimeViewController.swift; sourceTree = "<group>"; };
		04C18DEC1CC53AB900DE272C /* StartMeetingViewController.swift */ = {isa = PBXFileReference; fileEncoding = 4; lastKnownFileType = sourcecode.swift; path = StartMeetingViewController.swift; sourceTree = "<group>"; };
		04C18DEE1CC53AC800DE272C /* ViewRecordsViewController.swift */ = {isa = PBXFileReference; fileEncoding = 4; lastKnownFileType = sourcecode.swift; path = ViewRecordsViewController.swift; sourceTree = "<group>"; };
		04C18DF01CC53AD900DE272C /* EditRecordsViewController.swift */ = {isa = PBXFileReference; fileEncoding = 4; lastKnownFileType = sourcecode.swift; path = EditRecordsViewController.swift; sourceTree = "<group>"; };
		04C18DF21CC5824600DE272C /* RegisterViewController.swift */ = {isa = PBXFileReference; fileEncoding = 4; lastKnownFileType = sourcecode.swift; path = RegisterViewController.swift; sourceTree = "<group>"; };
		04F2D7341CED051700446586 /* GoogleService-Info.plist */ = {isa = PBXFileReference; fileEncoding = 4; lastKnownFileType = text.plist.xml; path = "GoogleService-Info.plist"; sourceTree = "<group>"; };
		1B23AA60C552CBF5E74EFC98 /* Pods_AreYouHere.framework */ = {isa = PBXFileReference; explicitFileType = wrapper.framework; includeInIndex = 0; path = Pods_AreYouHere.framework; sourceTree = BUILT_PRODUCTS_DIR; };
		1EC7C6E5D0A81E1E344ED6AA /* Pods-AreYouHereTests.debug.xcconfig */ = {isa = PBXFileReference; includeInIndex = 1; lastKnownFileType = text.xcconfig; name = "Pods-AreYouHereTests.debug.xcconfig"; path = "Pods/Target Support Files/Pods-AreYouHereTests/Pods-AreYouHereTests.debug.xcconfig"; sourceTree = "<group>"; };
		39537B1EF72CBE4CEDAED9C9 /* Pods_AreYouHereUITests.framework */ = {isa = PBXFileReference; explicitFileType = wrapper.framework; includeInIndex = 0; path = Pods_AreYouHereUITests.framework; sourceTree = BUILT_PRODUCTS_DIR; };
		55572348B4FF48C04D45571C /* Pods-AreYouHereUITests.debug.xcconfig */ = {isa = PBXFileReference; includeInIndex = 1; lastKnownFileType = text.xcconfig; name = "Pods-AreYouHereUITests.debug.xcconfig"; path = "Pods/Target Support Files/Pods-AreYouHereUITests/Pods-AreYouHereUITests.debug.xcconfig"; sourceTree = "<group>"; };
		56C219381641F12195BF1C22 /* Pods-AreYouHereUITests.release.xcconfig */ = {isa = PBXFileReference; includeInIndex = 1; lastKnownFileType = text.xcconfig; name = "Pods-AreYouHereUITests.release.xcconfig"; path = "Pods/Target Support Files/Pods-AreYouHereUITests/Pods-AreYouHereUITests.release.xcconfig"; sourceTree = "<group>"; };
		6A8BF33D2EC252D496AD261E /* Pods_AreYouHereTests.framework */ = {isa = PBXFileReference; explicitFileType = wrapper.framework; includeInIndex = 0; path = Pods_AreYouHereTests.framework; sourceTree = BUILT_PRODUCTS_DIR; };
		75B964130C511F51BAD97C5E /* Pods-AreYouHere.debug.xcconfig */ = {isa = PBXFileReference; includeInIndex = 1; lastKnownFileType = text.xcconfig; name = "Pods-AreYouHere.debug.xcconfig"; path = "Pods/Target Support Files/Pods-AreYouHere/Pods-AreYouHere.debug.xcconfig"; sourceTree = "<group>"; };
		9339C8C9CE9E299AE7454792 /* Pods-AreYouHereTests.release.xcconfig */ = {isa = PBXFileReference; includeInIndex = 1; lastKnownFileType = text.xcconfig; name = "Pods-AreYouHereTests.release.xcconfig"; path = "Pods/Target Support Files/Pods-AreYouHereTests/Pods-AreYouHereTests.release.xcconfig"; sourceTree = "<group>"; };
		C11D4B201CD27D56003593F7 /* Variables.swift */ = {isa = PBXFileReference; fileEncoding = 4; lastKnownFileType = sourcecode.swift; path = Variables.swift; sourceTree = "<group>"; };
		C1277F451CB6C73D00F4B046 /* AreYouHere.app */ = {isa = PBXFileReference; explicitFileType = wrapper.application; includeInIndex = 0; path = AreYouHere.app; sourceTree = BUILT_PRODUCTS_DIR; };
		C1277F481CB6C73D00F4B046 /* AppDelegate.swift */ = {isa = PBXFileReference; lastKnownFileType = sourcecode.swift; path = AppDelegate.swift; sourceTree = "<group>"; };
		C1277F4D1CB6C73D00F4B046 /* Base */ = {isa = PBXFileReference; lastKnownFileType = file.storyboard; name = Base; path = Base.lproj/Main.storyboard; sourceTree = "<group>"; };
		C1277F4F1CB6C73D00F4B046 /* Assets.xcassets */ = {isa = PBXFileReference; lastKnownFileType = folder.assetcatalog; path = Assets.xcassets; sourceTree = "<group>"; };
		C1277F521CB6C73D00F4B046 /* Base */ = {isa = PBXFileReference; lastKnownFileType = file.storyboard; name = Base; path = Base.lproj/LaunchScreen.storyboard; sourceTree = "<group>"; };
		C1277F541CB6C73D00F4B046 /* Info.plist */ = {isa = PBXFileReference; lastKnownFileType = text.plist.xml; path = Info.plist; sourceTree = "<group>"; };
		C1277F591CB6C73D00F4B046 /* AreYouHereTests.xctest */ = {isa = PBXFileReference; explicitFileType = wrapper.cfbundle; includeInIndex = 0; path = AreYouHereTests.xctest; sourceTree = BUILT_PRODUCTS_DIR; };
		C1277F5D1CB6C73D00F4B046 /* AreYouHereTests.swift */ = {isa = PBXFileReference; lastKnownFileType = sourcecode.swift; path = AreYouHereTests.swift; sourceTree = "<group>"; };
		C1277F5F1CB6C73D00F4B046 /* Info.plist */ = {isa = PBXFileReference; lastKnownFileType = text.plist.xml; path = Info.plist; sourceTree = "<group>"; };
		C1277F641CB6C73D00F4B046 /* AreYouHereUITests.xctest */ = {isa = PBXFileReference; explicitFileType = wrapper.cfbundle; includeInIndex = 0; path = AreYouHereUITests.xctest; sourceTree = BUILT_PRODUCTS_DIR; };
		C1277F681CB6C73D00F4B046 /* AreYouHereUITests.swift */ = {isa = PBXFileReference; lastKnownFileType = sourcecode.swift; path = AreYouHereUITests.swift; sourceTree = "<group>"; };
		C1277F6A1CB6C73D00F4B046 /* Info.plist */ = {isa = PBXFileReference; lastKnownFileType = text.plist.xml; path = Info.plist; sourceTree = "<group>"; };
		C131D0D61CE4F10000DD6F9C /* EditTeamTableViewController.swift */ = {isa = PBXFileReference; fileEncoding = 4; lastKnownFileType = sourcecode.swift; path = EditTeamTableViewController.swift; sourceTree = "<group>"; };
		C171B8A81CE0FAC000F68AB0 /* CreateTeamViewController.swift */ = {isa = PBXFileReference; fileEncoding = 4; lastKnownFileType = sourcecode.swift; path = CreateTeamViewController.swift; sourceTree = "<group>"; };
		C171D9061CF8C4DE00B06391 /* AppState.swift */ = {isa = PBXFileReference; fileEncoding = 4; lastKnownFileType = sourcecode.swift; path = AppState.swift; sourceTree = "<group>"; };
		C1AECF161D09DD4A008FCE68 /* TeamMemberViewController.swift */ = {isa = PBXFileReference; fileEncoding = 4; lastKnownFileType = sourcecode.swift; path = TeamMemberViewController.swift; sourceTree = "<group>"; };
		C1D008881CBD604D00EE89E4 /* LoginViewController.swift */ = {isa = PBXFileReference; fileEncoding = 4; lastKnownFileType = sourcecode.swift; path = LoginViewController.swift; sourceTree = "<group>"; };
		C1D0088A1CBD64CD00EE89E4 /* DashboardViewController.swift */ = {isa = PBXFileReference; fileEncoding = 4; lastKnownFileType = sourcecode.swift; path = DashboardViewController.swift; sourceTree = "<group>"; };
		E9C6D86082E3714C35C8929F /* Pods-AreYouHere.release.xcconfig */ = {isa = PBXFileReference; includeInIndex = 1; lastKnownFileType = text.xcconfig; name = "Pods-AreYouHere.release.xcconfig"; path = "Pods/Target Support Files/Pods-AreYouHere/Pods-AreYouHere.release.xcconfig"; sourceTree = "<group>"; };
/* End PBXFileReference section */

/* Begin PBXFrameworksBuildPhase section */
		C1277F421CB6C73D00F4B046 /* Frameworks */ = {
			isa = PBXFrameworksBuildPhase;
			buildActionMask = 2147483647;
			files = (
				79B34E563DD8BA6BCAF18E2B /* Pods_AreYouHere.framework in Frameworks */,
			);
			runOnlyForDeploymentPostprocessing = 0;
		};
		C1277F561CB6C73D00F4B046 /* Frameworks */ = {
			isa = PBXFrameworksBuildPhase;
			buildActionMask = 2147483647;
			files = (
				7C21AC5D674436010A51011C /* Pods_AreYouHereTests.framework in Frameworks */,
			);
			runOnlyForDeploymentPostprocessing = 0;
		};
		C1277F611CB6C73D00F4B046 /* Frameworks */ = {
			isa = PBXFrameworksBuildPhase;
			buildActionMask = 2147483647;
			files = (
				7B5AB2E512961D91973FFBAF /* Pods_AreYouHereUITests.framework in Frameworks */,
			);
			runOnlyForDeploymentPostprocessing = 0;
		};
/* End PBXFrameworksBuildPhase section */

/* Begin PBXGroup section */
		AE9695EB15FC6EE3C0F475A2 /* Frameworks */ = {
			isa = PBXGroup;
			children = (
				1B23AA60C552CBF5E74EFC98 /* Pods_AreYouHere.framework */,
				6A8BF33D2EC252D496AD261E /* Pods_AreYouHereTests.framework */,
				39537B1EF72CBE4CEDAED9C9 /* Pods_AreYouHereUITests.framework */,
			);
			name = Frameworks;
			sourceTree = "<group>";
		};
		C1277F3C1CB6C73D00F4B046 = {
			isa = PBXGroup;
			children = (
				C1277F471CB6C73D00F4B046 /* AreYouHere */,
				C1277F5C1CB6C73D00F4B046 /* AreYouHereTests */,
				C1277F671CB6C73D00F4B046 /* AreYouHereUITests */,
				C1277F461CB6C73D00F4B046 /* Products */,
				D0A0671A904B9B53E443C15E /* Pods */,
				AE9695EB15FC6EE3C0F475A2 /* Frameworks */,
			);
			sourceTree = "<group>";
		};
		C1277F461CB6C73D00F4B046 /* Products */ = {
			isa = PBXGroup;
			children = (
				C1277F451CB6C73D00F4B046 /* AreYouHere.app */,
				C1277F591CB6C73D00F4B046 /* AreYouHereTests.xctest */,
				C1277F641CB6C73D00F4B046 /* AreYouHereUITests.xctest */,
			);
			name = Products;
			sourceTree = "<group>";
		};
		C1277F471CB6C73D00F4B046 /* AreYouHere */ = {
			isa = PBXGroup;
			children = (
				04F2D7341CED051700446586 /* GoogleService-Info.plist */,
				C1277F541CB6C73D00F4B046 /* Info.plist */,
				04C18DEA1CC53AA800DE272C /* AddTimeViewController.swift */,
				C1277F481CB6C73D00F4B046 /* AppDelegate.swift */,
				C171D9061CF8C4DE00B06391 /* AppState.swift */,
				C171B8A81CE0FAC000F68AB0 /* CreateTeamViewController.swift */,
				C1D0088A1CBD64CD00EE89E4 /* DashboardViewController.swift */,
				04C18DF01CC53AD900DE272C /* EditRecordsViewController.swift */,
				C131D0D61CE4F10000DD6F9C /* EditTeamTableViewController.swift */,
				0418E8211CC5872100DF7223 /* Login.swift */,
				C1D008881CBD604D00EE89E4 /* LoginViewController.swift */,
				04C18DE81CC53A8800DE272C /* ManageTeamsViewController.swift */,
				04C18DF21CC5824600DE272C /* RegisterViewController.swift */,
				04C18DE61CC53A6400DE272C /* SettingsViewController.swift */,
				04C18DEC1CC53AB900DE272C /* StartMeetingViewController.swift */,
				C1AECF161D09DD4A008FCE68 /* TeamMemberViewController.swift */,
				C11D4B201CD27D56003593F7 /* Variables.swift */,
				04C18DEE1CC53AC800DE272C /* ViewRecordsViewController.swift */,
				C1277F4F1CB6C73D00F4B046 /* Assets.xcassets */,
				C1277F511CB6C73D00F4B046 /* LaunchScreen.storyboard */,
				C1277F4C1CB6C73D00F4B046 /* Main.storyboard */,
			);
			path = AreYouHere;
			sourceTree = "<group>";
		};
		C1277F5C1CB6C73D00F4B046 /* AreYouHereTests */ = {
			isa = PBXGroup;
			children = (
				C1277F5D1CB6C73D00F4B046 /* AreYouHereTests.swift */,
				C1277F5F1CB6C73D00F4B046 /* Info.plist */,
			);
			path = AreYouHereTests;
			sourceTree = "<group>";
		};
		C1277F671CB6C73D00F4B046 /* AreYouHereUITests */ = {
			isa = PBXGroup;
			children = (
				C1277F681CB6C73D00F4B046 /* AreYouHereUITests.swift */,
				C1277F6A1CB6C73D00F4B046 /* Info.plist */,
			);
			path = AreYouHereUITests;
			sourceTree = "<group>";
		};
		D0A0671A904B9B53E443C15E /* Pods */ = {
			isa = PBXGroup;
			children = (
				75B964130C511F51BAD97C5E /* Pods-AreYouHere.debug.xcconfig */,
				E9C6D86082E3714C35C8929F /* Pods-AreYouHere.release.xcconfig */,
				1EC7C6E5D0A81E1E344ED6AA /* Pods-AreYouHereTests.debug.xcconfig */,
				9339C8C9CE9E299AE7454792 /* Pods-AreYouHereTests.release.xcconfig */,
				55572348B4FF48C04D45571C /* Pods-AreYouHereUITests.debug.xcconfig */,
				56C219381641F12195BF1C22 /* Pods-AreYouHereUITests.release.xcconfig */,
			);
			name = Pods;
			sourceTree = "<group>";
		};
/* End PBXGroup section */

/* Begin PBXNativeTarget section */
		C1277F441CB6C73D00F4B046 /* AreYouHere */ = {
			isa = PBXNativeTarget;
			buildConfigurationList = C1277F6D1CB6C73D00F4B046 /* Build configuration list for PBXNativeTarget "AreYouHere" */;
			buildPhases = (
				EDE73C7D7F3D305106AAF537 /* 📦 Check Pods Manifest.lock */,
				C1277F411CB6C73D00F4B046 /* Sources */,
				C1277F421CB6C73D00F4B046 /* Frameworks */,
				C1277F431CB6C73D00F4B046 /* Resources */,
				3F5F401D818ACA25031C20D9 /* 📦 Embed Pods Frameworks */,
				C8C13473F0341D7B2BAA10A5 /* 📦 Copy Pods Resources */,
			);
			buildRules = (
			);
			dependencies = (
			);
			name = AreYouHere;
			productName = AreYouHere;
			productReference = C1277F451CB6C73D00F4B046 /* AreYouHere.app */;
			productType = "com.apple.product-type.application";
		};
		C1277F581CB6C73D00F4B046 /* AreYouHereTests */ = {
			isa = PBXNativeTarget;
			buildConfigurationList = C1277F701CB6C73D00F4B046 /* Build configuration list for PBXNativeTarget "AreYouHereTests" */;
			buildPhases = (
				3BE7477D7C84A536CECF36C5 /* 📦 Check Pods Manifest.lock */,
				C1277F551CB6C73D00F4B046 /* Sources */,
				C1277F561CB6C73D00F4B046 /* Frameworks */,
				C1277F571CB6C73D00F4B046 /* Resources */,
				416C43E38D6AC008D49C04B1 /* 📦 Embed Pods Frameworks */,
				2F0BC3A2A5085FCB3E4FE673 /* 📦 Copy Pods Resources */,
			);
			buildRules = (
			);
			dependencies = (
				C1277F5B1CB6C73D00F4B046 /* PBXTargetDependency */,
			);
			name = AreYouHereTests;
			productName = AreYouHereTests;
			productReference = C1277F591CB6C73D00F4B046 /* AreYouHereTests.xctest */;
			productType = "com.apple.product-type.bundle.unit-test";
		};
		C1277F631CB6C73D00F4B046 /* AreYouHereUITests */ = {
			isa = PBXNativeTarget;
			buildConfigurationList = C1277F731CB6C73D00F4B046 /* Build configuration list for PBXNativeTarget "AreYouHereUITests" */;
			buildPhases = (
				42312ADDB106AE1C871FB8CD /* 📦 Check Pods Manifest.lock */,
				C1277F601CB6C73D00F4B046 /* Sources */,
				C1277F611CB6C73D00F4B046 /* Frameworks */,
				C1277F621CB6C73D00F4B046 /* Resources */,
				C6FBD37420A8DDCD972F57F8 /* 📦 Copy Pods Resources */,
			);
			buildRules = (
			);
			dependencies = (
				C1277F661CB6C73D00F4B046 /* PBXTargetDependency */,
			);
			name = AreYouHereUITests;
			productName = AreYouHereUITests;
			productReference = C1277F641CB6C73D00F4B046 /* AreYouHereUITests.xctest */;
			productType = "com.apple.product-type.bundle.ui-testing";
		};
/* End PBXNativeTarget section */

/* Begin PBXProject section */
		C1277F3D1CB6C73D00F4B046 /* Project object */ = {
			isa = PBXProject;
			attributes = {
				LastUpgradeCheck = 0700;
				ORGANIZATIONNAME = "Jack Doherty";
				TargetAttributes = {
					C1277F441CB6C73D00F4B046 = {
						CreatedOnToolsVersion = 7.0;
						DevelopmentTeam = F4C4286R8Q;
					};
					C1277F581CB6C73D00F4B046 = {
						CreatedOnToolsVersion = 7.0;
						DevelopmentTeam = F4C4286R8Q;
						TestTargetID = C1277F441CB6C73D00F4B046;
					};
					C1277F631CB6C73D00F4B046 = {
						CreatedOnToolsVersion = 7.0;
						DevelopmentTeam = F4C4286R8Q;
						TestTargetID = C1277F441CB6C73D00F4B046;
					};
				};
			};
			buildConfigurationList = C1277F401CB6C73D00F4B046 /* Build configuration list for PBXProject "AreYouHere" */;
			compatibilityVersion = "Xcode 3.2";
			developmentRegion = English;
			hasScannedForEncodings = 0;
			knownRegions = (
				en,
				Base,
			);
			mainGroup = C1277F3C1CB6C73D00F4B046;
			productRefGroup = C1277F461CB6C73D00F4B046 /* Products */;
			projectDirPath = "";
			projectRoot = "";
			targets = (
				C1277F441CB6C73D00F4B046 /* AreYouHere */,
				C1277F581CB6C73D00F4B046 /* AreYouHereTests */,
				C1277F631CB6C73D00F4B046 /* AreYouHereUITests */,
			);
		};
/* End PBXProject section */

/* Begin PBXResourcesBuildPhase section */
		C1277F431CB6C73D00F4B046 /* Resources */ = {
			isa = PBXResourcesBuildPhase;
			buildActionMask = 2147483647;
			files = (
				C1277F531CB6C73D00F4B046 /* LaunchScreen.storyboard in Resources */,
				04F2D7351CED051700446586 /* GoogleService-Info.plist in Resources */,
				C1277F501CB6C73D00F4B046 /* Assets.xcassets in Resources */,
				C1277F4E1CB6C73D00F4B046 /* Main.storyboard in Resources */,
			);
			runOnlyForDeploymentPostprocessing = 0;
		};
		C1277F571CB6C73D00F4B046 /* Resources */ = {
			isa = PBXResourcesBuildPhase;
			buildActionMask = 2147483647;
			files = (
			);
			runOnlyForDeploymentPostprocessing = 0;
		};
		C1277F621CB6C73D00F4B046 /* Resources */ = {
			isa = PBXResourcesBuildPhase;
			buildActionMask = 2147483647;
			files = (
			);
			runOnlyForDeploymentPostprocessing = 0;
		};
/* End PBXResourcesBuildPhase section */

/* Begin PBXShellScriptBuildPhase section */
		2F0BC3A2A5085FCB3E4FE673 /* 📦 Copy Pods Resources */ = {
			isa = PBXShellScriptBuildPhase;
			buildActionMask = 2147483647;
			files = (
			);
			inputPaths = (
			);
			name = "📦 Copy Pods Resources";
			outputPaths = (
			);
			runOnlyForDeploymentPostprocessing = 0;
			shellPath = /bin/sh;
			shellScript = "\"${SRCROOT}/Pods/Target Support Files/Pods-AreYouHereTests/Pods-AreYouHereTests-resources.sh\"\n";
			showEnvVarsInLog = 0;
		};
		3BE7477D7C84A536CECF36C5 /* 📦 Check Pods Manifest.lock */ = {
			isa = PBXShellScriptBuildPhase;
			buildActionMask = 2147483647;
			files = (
			);
			inputPaths = (
			);
			name = "📦 Check Pods Manifest.lock";
			outputPaths = (
			);
			runOnlyForDeploymentPostprocessing = 0;
			shellPath = /bin/sh;
			shellScript = "diff \"${PODS_ROOT}/../Podfile.lock\" \"${PODS_ROOT}/Manifest.lock\" > /dev/null\nif [[ $? != 0 ]] ; then\n    cat << EOM\nerror: The sandbox is not in sync with the Podfile.lock. Run 'pod install' or update your CocoaPods installation.\nEOM\n    exit 1\nfi\n";
			showEnvVarsInLog = 0;
		};
		3F5F401D818ACA25031C20D9 /* 📦 Embed Pods Frameworks */ = {
			isa = PBXShellScriptBuildPhase;
			buildActionMask = 2147483647;
			files = (
			);
			inputPaths = (
			);
			name = "📦 Embed Pods Frameworks";
			outputPaths = (
			);
			runOnlyForDeploymentPostprocessing = 0;
			shellPath = /bin/sh;
			shellScript = "\"${SRCROOT}/Pods/Target Support Files/Pods-AreYouHere/Pods-AreYouHere-frameworks.sh\"\n";
			showEnvVarsInLog = 0;
		};
		416C43E38D6AC008D49C04B1 /* 📦 Embed Pods Frameworks */ = {
			isa = PBXShellScriptBuildPhase;
			buildActionMask = 2147483647;
			files = (
			);
			inputPaths = (
			);
			name = "📦 Embed Pods Frameworks";
			outputPaths = (
			);
			runOnlyForDeploymentPostprocessing = 0;
			shellPath = /bin/sh;
			shellScript = "\"${SRCROOT}/Pods/Target Support Files/Pods-AreYouHereTests/Pods-AreYouHereTests-frameworks.sh\"\n";
			showEnvVarsInLog = 0;
		};
		42312ADDB106AE1C871FB8CD /* 📦 Check Pods Manifest.lock */ = {
			isa = PBXShellScriptBuildPhase;
			buildActionMask = 2147483647;
			files = (
			);
			inputPaths = (
			);
			name = "📦 Check Pods Manifest.lock";
			outputPaths = (
			);
			runOnlyForDeploymentPostprocessing = 0;
			shellPath = /bin/sh;
			shellScript = "diff \"${PODS_ROOT}/../Podfile.lock\" \"${PODS_ROOT}/Manifest.lock\" > /dev/null\nif [[ $? != 0 ]] ; then\n    cat << EOM\nerror: The sandbox is not in sync with the Podfile.lock. Run 'pod install' or update your CocoaPods installation.\nEOM\n    exit 1\nfi\n";
			showEnvVarsInLog = 0;
		};
		C6FBD37420A8DDCD972F57F8 /* 📦 Copy Pods Resources */ = {
			isa = PBXShellScriptBuildPhase;
			buildActionMask = 2147483647;
			files = (
			);
			inputPaths = (
			);
			name = "📦 Copy Pods Resources";
			outputPaths = (
			);
			runOnlyForDeploymentPostprocessing = 0;
			shellPath = /bin/sh;
			shellScript = "\"${SRCROOT}/Pods/Target Support Files/Pods-AreYouHereUITests/Pods-AreYouHereUITests-resources.sh\"\n";
			showEnvVarsInLog = 0;
		};
		C8C13473F0341D7B2BAA10A5 /* 📦 Copy Pods Resources */ = {
			isa = PBXShellScriptBuildPhase;
			buildActionMask = 2147483647;
			files = (
			);
			inputPaths = (
			);
			name = "📦 Copy Pods Resources";
			outputPaths = (
			);
			runOnlyForDeploymentPostprocessing = 0;
			shellPath = /bin/sh;
			shellScript = "\"${SRCROOT}/Pods/Target Support Files/Pods-AreYouHere/Pods-AreYouHere-resources.sh\"\n";
			showEnvVarsInLog = 0;
		};
		EDE73C7D7F3D305106AAF537 /* 📦 Check Pods Manifest.lock */ = {
			isa = PBXShellScriptBuildPhase;
			buildActionMask = 2147483647;
			files = (
			);
			inputPaths = (
			);
			name = "📦 Check Pods Manifest.lock";
			outputPaths = (
			);
			runOnlyForDeploymentPostprocessing = 0;
			shellPath = /bin/sh;
			shellScript = "diff \"${PODS_ROOT}/../Podfile.lock\" \"${PODS_ROOT}/Manifest.lock\" > /dev/null\nif [[ $? != 0 ]] ; then\n    cat << EOM\nerror: The sandbox is not in sync with the Podfile.lock. Run 'pod install' or update your CocoaPods installation.\nEOM\n    exit 1\nfi\n";
			showEnvVarsInLog = 0;
		};
/* End PBXShellScriptBuildPhase section */

/* Begin PBXSourcesBuildPhase section */
		C1277F411CB6C73D00F4B046 /* Sources */ = {
			isa = PBXSourcesBuildPhase;
			buildActionMask = 2147483647;
			files = (
				C1D008891CBD604D00EE89E4 /* LoginViewController.swift in Sources */,
				04C18DF31CC5824600DE272C /* RegisterViewController.swift in Sources */,
				04C18DEB1CC53AA800DE272C /* AddTimeViewController.swift in Sources */,
				C11D4B211CD27D56003593F7 /* Variables.swift in Sources */,
				C131D0D71CE4F10000DD6F9C /* EditTeamTableViewController.swift in Sources */,
				C1D0088B1CBD64CD00EE89E4 /* DashboardViewController.swift in Sources */,
				C171D9071CF8C4DE00B06391 /* AppState.swift in Sources */,
				C1AECF171D09DD4A008FCE68 /* TeamMemberViewController.swift in Sources */,
				04C18DED1CC53AB900DE272C /* StartMeetingViewController.swift in Sources */,
				C171B8A91CE0FAC000F68AB0 /* CreateTeamViewController.swift in Sources */,
				04C18DF11CC53AD900DE272C /* EditRecordsViewController.swift in Sources */,
				C1277F491CB6C73D00F4B046 /* AppDelegate.swift in Sources */,
				04C18DE91CC53A8800DE272C /* ManageTeamsViewController.swift in Sources */,
				04C18DEF1CC53AC800DE272C /* ViewRecordsViewController.swift in Sources */,
				0418E8221CC5872100DF7223 /* Login.swift in Sources */,
				04C18DE71CC53A6400DE272C /* SettingsViewController.swift in Sources */,
			);
			runOnlyForDeploymentPostprocessing = 0;
		};
		C1277F551CB6C73D00F4B046 /* Sources */ = {
			isa = PBXSourcesBuildPhase;
			buildActionMask = 2147483647;
			files = (
				C1277F5E1CB6C73D00F4B046 /* AreYouHereTests.swift in Sources */,
			);
			runOnlyForDeploymentPostprocessing = 0;
		};
		C1277F601CB6C73D00F4B046 /* Sources */ = {
			isa = PBXSourcesBuildPhase;
			buildActionMask = 2147483647;
			files = (
				C1277F691CB6C73D00F4B046 /* AreYouHereUITests.swift in Sources */,
			);
			runOnlyForDeploymentPostprocessing = 0;
		};
/* End PBXSourcesBuildPhase section */

/* Begin PBXTargetDependency section */
		C1277F5B1CB6C73D00F4B046 /* PBXTargetDependency */ = {
			isa = PBXTargetDependency;
			target = C1277F441CB6C73D00F4B046 /* AreYouHere */;
			targetProxy = C1277F5A1CB6C73D00F4B046 /* PBXContainerItemProxy */;
		};
		C1277F661CB6C73D00F4B046 /* PBXTargetDependency */ = {
			isa = PBXTargetDependency;
			target = C1277F441CB6C73D00F4B046 /* AreYouHere */;
			targetProxy = C1277F651CB6C73D00F4B046 /* PBXContainerItemProxy */;
		};
/* End PBXTargetDependency section */

/* Begin PBXVariantGroup section */
		C1277F4C1CB6C73D00F4B046 /* Main.storyboard */ = {
			isa = PBXVariantGroup;
			children = (
				C1277F4D1CB6C73D00F4B046 /* Base */,
			);
			name = Main.storyboard;
			sourceTree = "<group>";
		};
		C1277F511CB6C73D00F4B046 /* LaunchScreen.storyboard */ = {
			isa = PBXVariantGroup;
			children = (
				C1277F521CB6C73D00F4B046 /* Base */,
			);
			name = LaunchScreen.storyboard;
			sourceTree = "<group>";
		};
/* End PBXVariantGroup section */

/* Begin XCBuildConfiguration section */
		C1277F6B1CB6C73D00F4B046 /* Debug */ = {
			isa = XCBuildConfiguration;
			buildSettings = {
				ALWAYS_SEARCH_USER_PATHS = NO;
				CLANG_CXX_LANGUAGE_STANDARD = "gnu++0x";
				CLANG_CXX_LIBRARY = "libc++";
				CLANG_ENABLE_MODULES = YES;
				CLANG_ENABLE_OBJC_ARC = YES;
				CLANG_WARN_BOOL_CONVERSION = YES;
				CLANG_WARN_CONSTANT_CONVERSION = YES;
				CLANG_WARN_DIRECT_OBJC_ISA_USAGE = YES_ERROR;
				CLANG_WARN_EMPTY_BODY = YES;
				CLANG_WARN_ENUM_CONVERSION = YES;
				CLANG_WARN_INT_CONVERSION = YES;
				CLANG_WARN_OBJC_ROOT_CLASS = YES_ERROR;
				CLANG_WARN_UNREACHABLE_CODE = YES;
				CLANG_WARN__DUPLICATE_METHOD_MATCH = YES;
				"CODE_SIGN_IDENTITY[sdk=iphoneos*]" = "iPhone Developer";
				COPY_PHASE_STRIP = NO;
				DEBUG_INFORMATION_FORMAT = dwarf;
				ENABLE_STRICT_OBJC_MSGSEND = YES;
				ENABLE_TESTABILITY = YES;
				GCC_C_LANGUAGE_STANDARD = gnu99;
				GCC_DYNAMIC_NO_PIC = NO;
				GCC_NO_COMMON_BLOCKS = YES;
				GCC_OPTIMIZATION_LEVEL = 0;
				GCC_PREPROCESSOR_DEFINITIONS = (
					"DEBUG=1",
					"$(inherited)",
				);
				GCC_WARN_64_TO_32_BIT_CONVERSION = YES;
				GCC_WARN_ABOUT_RETURN_TYPE = YES_ERROR;
				GCC_WARN_UNDECLARED_SELECTOR = YES;
				GCC_WARN_UNINITIALIZED_AUTOS = YES_AGGRESSIVE;
				GCC_WARN_UNUSED_FUNCTION = YES;
				GCC_WARN_UNUSED_VARIABLE = YES;
				IPHONEOS_DEPLOYMENT_TARGET = 9.0;
				MTL_ENABLE_DEBUG_INFO = YES;
				ONLY_ACTIVE_ARCH = YES;
				SDKROOT = iphoneos;
				SWIFT_OPTIMIZATION_LEVEL = "-Onone";
				TARGETED_DEVICE_FAMILY = "1,2";
			};
			name = Debug;
		};
		C1277F6C1CB6C73D00F4B046 /* Release */ = {
			isa = XCBuildConfiguration;
			buildSettings = {
				ALWAYS_SEARCH_USER_PATHS = NO;
				CLANG_CXX_LANGUAGE_STANDARD = "gnu++0x";
				CLANG_CXX_LIBRARY = "libc++";
				CLANG_ENABLE_MODULES = YES;
				CLANG_ENABLE_OBJC_ARC = YES;
				CLANG_WARN_BOOL_CONVERSION = YES;
				CLANG_WARN_CONSTANT_CONVERSION = YES;
				CLANG_WARN_DIRECT_OBJC_ISA_USAGE = YES_ERROR;
				CLANG_WARN_EMPTY_BODY = YES;
				CLANG_WARN_ENUM_CONVERSION = YES;
				CLANG_WARN_INT_CONVERSION = YES;
				CLANG_WARN_OBJC_ROOT_CLASS = YES_ERROR;
				CLANG_WARN_UNREACHABLE_CODE = YES;
				CLANG_WARN__DUPLICATE_METHOD_MATCH = YES;
				"CODE_SIGN_IDENTITY[sdk=iphoneos*]" = "iPhone Developer";
				COPY_PHASE_STRIP = NO;
				DEBUG_INFORMATION_FORMAT = "dwarf-with-dsym";
				ENABLE_NS_ASSERTIONS = NO;
				ENABLE_STRICT_OBJC_MSGSEND = YES;
				GCC_C_LANGUAGE_STANDARD = gnu99;
				GCC_NO_COMMON_BLOCKS = YES;
				GCC_WARN_64_TO_32_BIT_CONVERSION = YES;
				GCC_WARN_ABOUT_RETURN_TYPE = YES_ERROR;
				GCC_WARN_UNDECLARED_SELECTOR = YES;
				GCC_WARN_UNINITIALIZED_AUTOS = YES_AGGRESSIVE;
				GCC_WARN_UNUSED_FUNCTION = YES;
				GCC_WARN_UNUSED_VARIABLE = YES;
				IPHONEOS_DEPLOYMENT_TARGET = 9.0;
				MTL_ENABLE_DEBUG_INFO = NO;
				SDKROOT = iphoneos;
				TARGETED_DEVICE_FAMILY = "1,2";
				VALIDATE_PRODUCT = YES;
			};
			name = Release;
		};
		C1277F6E1CB6C73D00F4B046 /* Debug */ = {
			isa = XCBuildConfiguration;
			baseConfigurationReference = 75B964130C511F51BAD97C5E /* Pods-AreYouHere.debug.xcconfig */;
			buildSettings = {
				ASSETCATALOG_COMPILER_APPICON_NAME = AppIcon;
				CODE_SIGN_IDENTITY = "iPhone Developer";
				"CODE_SIGN_IDENTITY[sdk=iphoneos*]" = "iPhone Developer";
				INFOPLIST_FILE = AreYouHere/Info.plist;
				LD_RUNPATH_SEARCH_PATHS = "$(inherited) @executable_path/Frameworks";
				PRODUCT_BUNDLE_IDENTIFIER = com.github.thatnerdjack.AreYouHere;
				PRODUCT_NAME = "$(TARGET_NAME)";
				PROVISIONING_PROFILE = "";
				TARGETED_DEVICE_FAMILY = "1,2";
			};
			name = Debug;
		};
		C1277F6F1CB6C73D00F4B046 /* Release */ = {
			isa = XCBuildConfiguration;
			baseConfigurationReference = E9C6D86082E3714C35C8929F /* Pods-AreYouHere.release.xcconfig */;
			buildSettings = {
				ASSETCATALOG_COMPILER_APPICON_NAME = AppIcon;
				CODE_SIGN_IDENTITY = "iPhone Developer";
				"CODE_SIGN_IDENTITY[sdk=iphoneos*]" = "iPhone Developer";
				INFOPLIST_FILE = AreYouHere/Info.plist;
				LD_RUNPATH_SEARCH_PATHS = "$(inherited) @executable_path/Frameworks";
				PRODUCT_BUNDLE_IDENTIFIER = com.github.thatnerdjack.AreYouHere;
				PRODUCT_NAME = "$(TARGET_NAME)";
				PROVISIONING_PROFILE = "";
				TARGETED_DEVICE_FAMILY = "1,2";
			};
			name = Release;
		};
		C1277F711CB6C73D00F4B046 /* Debug */ = {
			isa = XCBuildConfiguration;
			baseConfigurationReference = 1EC7C6E5D0A81E1E344ED6AA /* Pods-AreYouHereTests.debug.xcconfig */;
			buildSettings = {
				BUNDLE_LOADER = "$(TEST_HOST)";
				INFOPLIST_FILE = AreYouHereTests/Info.plist;
				LD_RUNPATH_SEARCH_PATHS = "$(inherited) @executable_path/Frameworks @loader_path/Frameworks";
				PRODUCT_BUNDLE_IDENTIFIER = com.github.thatnerdjack.AreYouHereTests;
				PRODUCT_NAME = "$(TARGET_NAME)";
				TEST_HOST = "$(BUILT_PRODUCTS_DIR)/AreYouHere.app/AreYouHere";
			};
			name = Debug;
		};
		C1277F721CB6C73D00F4B046 /* Release */ = {
			isa = XCBuildConfiguration;
			baseConfigurationReference = 9339C8C9CE9E299AE7454792 /* Pods-AreYouHereTests.release.xcconfig */;
			buildSettings = {
				BUNDLE_LOADER = "$(TEST_HOST)";
				INFOPLIST_FILE = AreYouHereTests/Info.plist;
				LD_RUNPATH_SEARCH_PATHS = "$(inherited) @executable_path/Frameworks @loader_path/Frameworks";
				PRODUCT_BUNDLE_IDENTIFIER = com.github.thatnerdjack.AreYouHereTests;
				PRODUCT_NAME = "$(TARGET_NAME)";
				TEST_HOST = "$(BUILT_PRODUCTS_DIR)/AreYouHere.app/AreYouHere";
			};
			name = Release;
		};
		C1277F741CB6C73D00F4B046 /* Debug */ = {
			isa = XCBuildConfiguration;
			baseConfigurationReference = 55572348B4FF48C04D45571C /* Pods-AreYouHereUITests.debug.xcconfig */;
			buildSettings = {
				INFOPLIST_FILE = AreYouHereUITests/Info.plist;
				LD_RUNPATH_SEARCH_PATHS = "$(inherited) @executable_path/Frameworks @loader_path/Frameworks";
				PRODUCT_BUNDLE_IDENTIFIER = com.github.thatnerdjack.AreYouHereUITests;
				PRODUCT_NAME = "$(TARGET_NAME)";
				TEST_TARGET_NAME = AreYouHere;
				USES_XCTRUNNER = YES;
			};
			name = Debug;
		};
		C1277F751CB6C73D00F4B046 /* Release */ = {
			isa = XCBuildConfiguration;
			baseConfigurationReference = 56C219381641F12195BF1C22 /* Pods-AreYouHereUITests.release.xcconfig */;
			buildSettings = {
				INFOPLIST_FILE = AreYouHereUITests/Info.plist;
				LD_RUNPATH_SEARCH_PATHS = "$(inherited) @executable_path/Frameworks @loader_path/Frameworks";
				PRODUCT_BUNDLE_IDENTIFIER = com.github.thatnerdjack.AreYouHereUITests;
				PRODUCT_NAME = "$(TARGET_NAME)";
				TEST_TARGET_NAME = AreYouHere;
				USES_XCTRUNNER = YES;
			};
			name = Release;
		};
/* End XCBuildConfiguration section */

/* Begin XCConfigurationList section */
		C1277F401CB6C73D00F4B046 /* Build configuration list for PBXProject "AreYouHere" */ = {
			isa = XCConfigurationList;
			buildConfigurations = (
				C1277F6B1CB6C73D00F4B046 /* Debug */,
				C1277F6C1CB6C73D00F4B046 /* Release */,
			);
			defaultConfigurationIsVisible = 0;
			defaultConfigurationName = Release;
		};
		C1277F6D1CB6C73D00F4B046 /* Build configuration list for PBXNativeTarget "AreYouHere" */ = {
			isa = XCConfigurationList;
			buildConfigurations = (
				C1277F6E1CB6C73D00F4B046 /* Debug */,
				C1277F6F1CB6C73D00F4B046 /* Release */,
			);
			defaultConfigurationIsVisible = 0;
			defaultConfigurationName = Release;
		};
		C1277F701CB6C73D00F4B046 /* Build configuration list for PBXNativeTarget "AreYouHereTests" */ = {
			isa = XCConfigurationList;
			buildConfigurations = (
				C1277F711CB6C73D00F4B046 /* Debug */,
				C1277F721CB6C73D00F4B046 /* Release */,
			);
			defaultConfigurationIsVisible = 0;
			defaultConfigurationName = Release;
		};
		C1277F731CB6C73D00F4B046 /* Build configuration list for PBXNativeTarget "AreYouHereUITests" */ = {
			isa = XCConfigurationList;
			buildConfigurations = (
				C1277F741CB6C73D00F4B046 /* Debug */,
				C1277F751CB6C73D00F4B046 /* Release */,
			);
			defaultConfigurationIsVisible = 0;
			defaultConfigurationName = Release;
		};
/* End XCConfigurationList section */
	};
	rootObject = C1277F3D1CB6C73D00F4B046 /* Project object */;
}
